
Microsoft Visual Studio Solution File, Format Version 12.00
# Visual Studio Version 17
VisualStudioVersion = 17.0.31903.59
MinimumVisualStudioVersion = 10.0.40219.1
Project("{FAE04EC0-301F-11D3-BF4B-00C04F79EFBC}") = "Lesson1_Variety", "Lesson1_Variety\Lesson1_Variety.csproj", "{847072C1-6B27-4226-83DB-53AA9F125BF4}"
EndProject
Project("{FAE04EC0-301F-11D3-BF4B-00C04F79EFBC}") = "Lesson2_Enum", "Lesson2_Enum\Lesson2_Enum.csproj", "{EB903CD3-DC61-49EA-9002-58C3492FE64D}"
EndProject
Project("{FAE04EC0-301F-11D3-BF4B-00C04F79EFBC}") = "Lesson2_Practice", "Lesson2_Practice\Lesson2_Practice.csproj", "{552CB330-D64D-466A-A5F1-FC462B9F60CE}"
EndProject
Project("{FAE04EC0-301F-11D3-BF4B-00C04F79EFBC}") = "Lesson3_Array", "Lesson3_Array\Lesson3_Array.csproj", "{48E7F349-CFDA-45F3-994A-3146C52F57BB}"
EndProject
Project("{FAE04EC0-301F-11D3-BF4B-00C04F79EFBC}") = "Lesson4_Function", "Lesson4_Function\Lesson4_Function.csproj", "{F27F6AB5-A5F6-454B-94D6-1E4608AB8BB3}"
EndProject
Project("{FAE04EC0-301F-11D3-BF4B-00C04F79EFBC}") = "Lesson5_变长参数和参数默认值", "Lesson5_变长参数和参数默认值\Lesson5_变长参数和参数默认值.csproj", "{849541A8-C377-4707-B977-3FE93B85B064}"
EndProject
Project("{FAE04EC0-301F-11D3-BF4B-00C04F79EFBC}") = "Lesson5_Practice", "Lesson5_Practice\Lesson5_Practice.csproj", "{5B9B22CA-10D8-4CE0-997C-AA1A5CE71F47}"
EndProject
Project("{FAE04EC0-301F-11D3-BF4B-00C04F79EFBC}") = "Lesson6_递归", "Lesson6_递归\Lesson6_递归.csproj", "{5D3170A4-CA77-4DB9-8226-3F62D4D33E2D}"
EndProject
Project("{FAE04EC0-301F-11D3-BF4B-00C04F79EFBC}") = "Lesson7_Struct", "Lesson7_Struct\Lesson7_Struct.csproj", "{C143B20A-1CBB-4E1E-90A9-61DFCB60F0EB}"
EndProject
Project("{FAE04EC0-301F-11D3-BF4B-00C04F79EFBC}") = "Lesson7_Practice", "Lesson7_Practice\Lesson7_Practice.csproj", "{8D06061D-C17C-458B-A69D-9487BA78C1C5}"
EndProject
Project("{FAE04EC0-301F-11D3-BF4B-00C04F79EFBC}") = "Lesson8_冒泡排序", "Lesson8_冒泡排序\Lesson8_冒泡排序.csproj", "{1EAA3CF3-B8A1-4DB8-B8CC-E4899C11D920}"
EndProject
Project("{FAE04EC0-301F-11D3-BF4B-00C04F79EFBC}") = "Lesson9_选择排序", "Lesson9_选择排序\Lesson9_选择排序.csproj", "{FC678E9B-EDC4-45D5-9147-69279FE78CB5}"
EndProject
Project("{FAE04EC0-301F-11D3-BF4B-00C04F79EFBC}") = "Lesson3_Practice", "Lesson3_Practice\Lesson3_Practice.csproj", "{53F41330-CB0A-48D4-B322-59F6A022E2CC}"
EndProject
Global
	GlobalSection(SolutionConfigurationPlatforms) = preSolution
		Debug|Any CPU = Debug|Any CPU
		Debug|x64 = Debug|x64
		Debug|x86 = Debug|x86
		Release|Any CPU = Release|Any CPU
		Release|x64 = Release|x64
		Release|x86 = Release|x86
	EndGlobalSection
	GlobalSection(ProjectConfigurationPlatforms) = postSolution
		{847072C1-6B27-4226-83DB-53AA9F125BF4}.Debug|Any CPU.ActiveCfg = Debug|Any CPU
		{847072C1-6B27-4226-83DB-53AA9F125BF4}.Debug|Any CPU.Build.0 = Debug|Any CPU
		{847072C1-6B27-4226-83DB-53AA9F125BF4}.Debug|x64.ActiveCfg = Debug|Any CPU
		{847072C1-6B27-4226-83DB-53AA9F125BF4}.Debug|x64.Build.0 = Debug|Any CPU
		{847072C1-6B27-4226-83DB-53AA9F125BF4}.Debug|x86.ActiveCfg = Debug|Any CPU
		{847072C1-6B27-4226-83DB-53AA9F125BF4}.Debug|x86.Build.0 = Debug|Any CPU
		{847072C1-6B27-4226-83DB-53AA9F125BF4}.Release|Any CPU.ActiveCfg = Release|Any CPU
		{847072C1-6B27-4226-83DB-53AA9F125BF4}.Release|Any CPU.Build.0 = Release|Any CPU
		{847072C1-6B27-4226-83DB-53AA9F125BF4}.Release|x64.ActiveCfg = Release|Any CPU
		{847072C1-6B27-4226-83DB-53AA9F125BF4}.Release|x64.Build.0 = Release|Any CPU
		{847072C1-6B27-4226-83DB-53AA9F125BF4}.Release|x86.ActiveCfg = Release|Any CPU
		{847072C1-6B27-4226-83DB-53AA9F125BF4}.Release|x86.Build.0 = Release|Any CPU
		{EB903CD3-DC61-49EA-9002-58C3492FE64D}.Debug|Any CPU.ActiveCfg = Debug|Any CPU
		{EB903CD3-DC61-49EA-9002-58C3492FE64D}.Debug|Any CPU.Build.0 = Debug|Any CPU
		{EB903CD3-DC61-49EA-9002-58C3492FE64D}.Debug|x64.ActiveCfg = Debug|Any CPU
		{EB903CD3-DC61-49EA-9002-58C3492FE64D}.Debug|x64.Build.0 = Debug|Any CPU
		{EB903CD3-DC61-49EA-9002-58C3492FE64D}.Debug|x86.ActiveCfg = Debug|Any CPU
		{EB903CD3-DC61-49EA-9002-58C3492FE64D}.Debug|x86.Build.0 = Debug|Any CPU
		{EB903CD3-DC61-49EA-9002-58C3492FE64D}.Release|Any CPU.ActiveCfg = Release|Any CPU
		{EB903CD3-DC61-49EA-9002-58C3492FE64D}.Release|Any CPU.Build.0 = Release|Any CPU
		{EB903CD3-DC61-49EA-9002-58C3492FE64D}.Release|x64.ActiveCfg = Release|Any CPU
		{EB903CD3-DC61-49EA-9002-58C3492FE64D}.Release|x64.Build.0 = Release|Any CPU
		{EB903CD3-DC61-49EA-9002-58C3492FE64D}.Release|x86.ActiveCfg = Release|Any CPU
		{EB903CD3-DC61-49EA-9002-58C3492FE64D}.Release|x86.Build.0 = Release|Any CPU
		{552CB330-D64D-466A-A5F1-FC462B9F60CE}.Debug|Any CPU.ActiveCfg = Debug|Any CPU
		{552CB330-D64D-466A-A5F1-FC462B9F60CE}.Debug|Any CPU.Build.0 = Debug|Any CPU
		{552CB330-D64D-466A-A5F1-FC462B9F60CE}.Debug|x64.ActiveCfg = Debug|Any CPU
		{552CB330-D64D-466A-A5F1-FC462B9F60CE}.Debug|x64.Build.0 = Debug|Any CPU
		{552CB330-D64D-466A-A5F1-FC462B9F60CE}.Debug|x86.ActiveCfg = Debug|Any CPU
		{552CB330-D64D-466A-A5F1-FC462B9F60CE}.Debug|x86.Build.0 = Debug|Any CPU
		{552CB330-D64D-466A-A5F1-FC462B9F60CE}.Release|Any CPU.ActiveCfg = Release|Any CPU
		{552CB330-D64D-466A-A5F1-FC462B9F60CE}.Release|Any CPU.Build.0 = Release|Any CPU
		{552CB330-D64D-466A-A5F1-FC462B9F60CE}.Release|x64.ActiveCfg = Release|Any CPU
		{552CB330-D64D-466A-A5F1-FC462B9F60CE}.Release|x64.Build.0 = Release|Any CPU
		{552CB330-D64D-466A-A5F1-FC462B9F60CE}.Release|x86.ActiveCfg = Release|Any CPU
		{552CB330-D64D-466A-A5F1-FC462B9F60CE}.Release|x86.Build.0 = Release|Any CPU
		{48E7F349-CFDA-45F3-994A-3146C52F57BB}.Debug|Any CPU.ActiveCfg = Debug|Any CPU
		{48E7F349-CFDA-45F3-994A-3146C52F57BB}.Debug|Any CPU.Build.0 = Debug|Any CPU
		{48E7F349-CFDA-45F3-994A-3146C52F57BB}.Debug|x64.ActiveCfg = Debug|Any CPU
		{48E7F349-CFDA-45F3-994A-3146C52F57BB}.Debug|x64.Build.0 = Debug|Any CPU
		{48E7F349-CFDA-45F3-994A-3146C52F57BB}.Debug|x86.ActiveCfg = Debug|Any CPU
		{48E7F349-CFDA-45F3-994A-3146C52F57BB}.Debug|x86.Build.0 = Debug|Any CPU
		{48E7F349-CFDA-45F3-994A-3146C52F57BB}.Release|Any CPU.ActiveCfg = Release|Any CPU
		{48E7F349-CFDA-45F3-994A-3146C52F57BB}.Release|Any CPU.Build.0 = Release|Any CPU
		{48E7F349-CFDA-45F3-994A-3146C52F57BB}.Release|x64.ActiveCfg = Release|Any CPU
		{48E7F349-CFDA-45F3-994A-3146C52F57BB}.Release|x64.Build.0 = Release|Any CPU
		{48E7F349-CFDA-45F3-994A-3146C52F57BB}.Release|x86.ActiveCfg = Release|Any CPU
		{48E7F349-CFDA-45F3-994A-3146C52F57BB}.Release|x86.Build.0 = Release|Any CPU
		{F27F6AB5-A5F6-454B-94D6-1E4608AB8BB3}.Debug|Any CPU.ActiveCfg = Debug|Any CPU
		{F27F6AB5-A5F6-454B-94D6-1E4608AB8BB3}.Debug|Any CPU.Build.0 = Debug|Any CPU
		{F27F6AB5-A5F6-454B-94D6-1E4608AB8BB3}.Debug|x64.ActiveCfg = Debug|Any CPU
		{F27F6AB5-A5F6-454B-94D6-1E4608AB8BB3}.Debug|x64.Build.0 = Debug|Any CPU
		{F27F6AB5-A5F6-454B-94D6-1E4608AB8BB3}.Debug|x86.ActiveCfg = Debug|Any CPU
		{F27F6AB5-A5F6-454B-94D6-1E4608AB8BB3}.Debug|x86.Build.0 = Debug|Any CPU
		{F27F6AB5-A5F6-454B-94D6-1E4608AB8BB3}.Release|Any CPU.ActiveCfg = Release|Any CPU
		{F27F6AB5-A5F6-454B-94D6-1E4608AB8BB3}.Release|Any CPU.Build.0 = Release|Any CPU
		{F27F6AB5-A5F6-454B-94D6-1E4608AB8BB3}.Release|x64.ActiveCfg = Release|Any CPU
		{F27F6AB5-A5F6-454B-94D6-1E4608AB8BB3}.Release|x64.Build.0 = Release|Any CPU
		{F27F6AB5-A5F6-454B-94D6-1E4608AB8BB3}.Release|x86.ActiveCfg = Release|Any CPU
		{F27F6AB5-A5F6-454B-94D6-1E4608AB8BB3}.Release|x86.Build.0 = Release|Any CPU
		{849541A8-C377-4707-B977-3FE93B85B064}.Debug|Any CPU.ActiveCfg = Debug|Any CPU
		{849541A8-C377-4707-B977-3FE93B85B064}.Debug|Any CPU.Build.0 = Debug|Any CPU
		{849541A8-C377-4707-B977-3FE93B85B064}.Debug|x64.ActiveCfg = Debug|Any CPU
		{849541A8-C377-4707-B977-3FE93B85B064}.Debug|x64.Build.0 = Debug|Any CPU
		{849541A8-C377-4707-B977-3FE93B85B064}.Debug|x86.ActiveCfg = Debug|Any CPU
		{849541A8-C377-4707-B977-3FE93B85B064}.Debug|x86.Build.0 = Debug|Any CPU
		{849541A8-C377-4707-B977-3FE93B85B064}.Release|Any CPU.ActiveCfg = Release|Any CPU
		{849541A8-C377-4707-B977-3FE93B85B064}.Release|Any CPU.Build.0 = Release|Any CPU
		{849541A8-C377-4707-B977-3FE93B85B064}.Release|x64.ActiveCfg = Release|Any CPU
		{849541A8-C377-4707-B977-3FE93B85B064}.Release|x64.Build.0 = Release|Any CPU
		{849541A8-C377-4707-B977-3FE93B85B064}.Release|x86.ActiveCfg = Release|Any CPU
		{849541A8-C377-4707-B977-3FE93B85B064}.Release|x86.Build.0 = Release|Any CPU
		{5B9B22CA-10D8-4CE0-997C-AA1A5CE71F47}.Debug|Any CPU.ActiveCfg = Debug|Any CPU
		{5B9B22CA-10D8-4CE0-997C-AA1A5CE71F47}.Debug|Any CPU.Build.0 = Debug|Any CPU
		{5B9B22CA-10D8-4CE0-997C-AA1A5CE71F47}.Debug|x64.ActiveCfg = Debug|Any CPU
		{5B9B22CA-10D8-4CE0-997C-AA1A5CE71F47}.Debug|x64.Build.0 = Debug|Any CPU
		{5B9B22CA-10D8-4CE0-997C-AA1A5CE71F47}.Debug|x86.ActiveCfg = Debug|Any CPU
		{5B9B22CA-10D8-4CE0-997C-AA1A5CE71F47}.Debug|x86.Build.0 = Debug|Any CPU
		{5B9B22CA-10D8-4CE0-997C-AA1A5CE71F47}.Release|Any CPU.ActiveCfg = Release|Any CPU
		{5B9B22CA-10D8-4CE0-997C-AA1A5CE71F47}.Release|Any CPU.Build.0 = Release|Any CPU
		{5B9B22CA-10D8-4CE0-997C-AA1A5CE71F47}.Release|x64.ActiveCfg = Release|Any CPU
		{5B9B22CA-10D8-4CE0-997C-AA1A5CE71F47}.Release|x64.Build.0 = Release|Any CPU
		{5B9B22CA-10D8-4CE0-997C-AA1A5CE71F47}.Release|x86.ActiveCfg = Release|Any CPU
		{5B9B22CA-10D8-4CE0-997C-AA1A5CE71F47}.Release|x86.Build.0 = Release|Any CPU
		{5D3170A4-CA77-4DB9-8226-3F62D4D33E2D}.Debug|Any CPU.ActiveCfg = Debug|Any CPU
		{5D3170A4-CA77-4DB9-8226-3F62D4D33E2D}.Debug|Any CPU.Build.0 = Debug|Any CPU
		{5D3170A4-CA77-4DB9-8226-3F62D4D33E2D}.Debug|x64.ActiveCfg = Debug|Any CPU
		{5D3170A4-CA77-4DB9-8226-3F62D4D33E2D}.Debug|x64.Build.0 = Debug|Any CPU
		{5D3170A4-CA77-4DB9-8226-3F62D4D33E2D}.Debug|x86.ActiveCfg = Debug|Any CPU
		{5D3170A4-CA77-4DB9-8226-3F62D4D33E2D}.Debug|x86.Build.0 = Debug|Any CPU
		{5D3170A4-CA77-4DB9-8226-3F62D4D33E2D}.Release|Any CPU.ActiveCfg = Release|Any CPU
		{5D3170A4-CA77-4DB9-8226-3F62D4D33E2D}.Release|Any CPU.Build.0 = Release|Any CPU
		{5D3170A4-CA77-4DB9-8226-3F62D4D33E2D}.Release|x64.ActiveCfg = Release|Any CPU
		{5D3170A4-CA77-4DB9-8226-3F62D4D33E2D}.Release|x64.Build.0 = Release|Any CPU
		{5D3170A4-CA77-4DB9-8226-3F62D4D33E2D}.Release|x86.ActiveCfg = Release|Any CPU
		{5D3170A4-CA77-4DB9-8226-3F62D4D33E2D}.Release|x86.Build.0 = Release|Any CPU
		{C143B20A-1CBB-4E1E-90A9-61DFCB60F0EB}.Debug|Any CPU.ActiveCfg = Debug|Any CPU
		{C143B20A-1CBB-4E1E-90A9-61DFCB60F0EB}.Debug|Any CPU.Build.0 = Debug|Any CPU
		{C143B20A-1CBB-4E1E-90A9-61DFCB60F0EB}.Debug|x64.ActiveCfg = Debug|Any CPU
		{C143B20A-1CBB-4E1E-90A9-61DFCB60F0EB}.Debug|x64.Build.0 = Debug|Any CPU
		{C143B20A-1CBB-4E1E-90A9-61DFCB60F0EB}.Debug|x86.ActiveCfg = Debug|Any CPU
		{C143B20A-1CBB-4E1E-90A9-61DFCB60F0EB}.Debug|x86.Build.0 = Debug|Any CPU
		{C143B20A-1CBB-4E1E-90A9-61DFCB60F0EB}.Release|Any CPU.ActiveCfg = Release|Any CPU
		{C143B20A-1CBB-4E1E-90A9-61DFCB60F0EB}.Release|Any CPU.Build.0 = Release|Any CPU
		{C143B20A-1CBB-4E1E-90A9-61DFCB60F0EB}.Release|x64.ActiveCfg = Release|Any CPU
		{C143B20A-1CBB-4E1E-90A9-61DFCB60F0EB}.Release|x64.Build.0 = Release|Any CPU
		{C143B20A-1CBB-4E1E-90A9-61DFCB60F0EB}.Release|x86.ActiveCfg = Release|Any CPU
		{C143B20A-1CBB-4E1E-90A9-61DFCB60F0EB}.Release|x86.Build.0 = Release|Any CPU
		{8D06061D-C17C-458B-A69D-9487BA78C1C5}.Debug|Any CPU.ActiveCfg = Debug|Any CPU
		{8D06061D-C17C-458B-A69D-9487BA78C1C5}.Debug|Any CPU.Build.0 = Debug|Any CPU
		{8D06061D-C17C-458B-A69D-9487BA78C1C5}.Debug|x64.ActiveCfg = Debug|Any CPU
		{8D06061D-C17C-458B-A69D-9487BA78C1C5}.Debug|x64.Build.0 = Debug|Any CPU
		{8D06061D-C17C-458B-A69D-9487BA78C1C5}.Debug|x86.ActiveCfg = Debug|Any CPU
		{8D06061D-C17C-458B-A69D-9487BA78C1C5}.Debug|x86.Build.0 = Debug|Any CPU
		{8D06061D-C17C-458B-A69D-9487BA78C1C5}.Release|Any CPU.ActiveCfg = Release|Any CPU
		{8D06061D-C17C-458B-A69D-9487BA78C1C5}.Release|Any CPU.Build.0 = Release|Any CPU
		{8D06061D-C17C-458B-A69D-9487BA78C1C5}.Release|x64.ActiveCfg = Release|Any CPU
		{8D06061D-C17C-458B-A69D-9487BA78C1C5}.Release|x64.Build.0 = Release|Any CPU
		{8D06061D-C17C-458B-A69D-9487BA78C1C5}.Release|x86.ActiveCfg = Release|Any CPU
		{8D06061D-C17C-458B-A69D-9487BA78C1C5}.Release|x86.Build.0 = Release|Any CPU
		{1EAA3CF3-B8A1-4DB8-B8CC-E4899C11D920}.Debug|Any CPU.ActiveCfg = Debug|Any CPU
		{1EAA3CF3-B8A1-4DB8-B8CC-E4899C11D920}.Debug|Any CPU.Build.0 = Debug|Any CPU
		{1EAA3CF3-B8A1-4DB8-B8CC-E4899C11D920}.Debug|x64.ActiveCfg = Debug|Any CPU
		{1EAA3CF3-B8A1-4DB8-B8CC-E4899C11D920}.Debug|x64.Build.0 = Debug|Any CPU
		{1EAA3CF3-B8A1-4DB8-B8CC-E4899C11D920}.Debug|x86.ActiveCfg = Debug|Any CPU
		{1EAA3CF3-B8A1-4DB8-B8CC-E4899C11D920}.Debug|x86.Build.0 = Debug|Any CPU
		{1EAA3CF3-B8A1-4DB8-B8CC-E4899C11D920}.Release|Any CPU.ActiveCfg = Release|Any CPU
		{1EAA3CF3-B8A1-4DB8-B8CC-E4899C11D920}.Release|Any CPU.Build.0 = Release|Any CPU
		{1EAA3CF3-B8A1-4DB8-B8CC-E4899C11D920}.Release|x64.ActiveCfg = Release|Any CPU
		{1EAA3CF3-B8A1-4DB8-B8CC-E4899C11D920}.Release|x64.Build.0 = Release|Any CPU
		{1EAA3CF3-B8A1-4DB8-B8CC-E4899C11D920}.Release|x86.ActiveCfg = Release|Any CPU
		{1EAA3CF3-B8A1-4DB8-B8CC-E4899C11D920}.Release|x86.Build.0 = Release|Any CPU
		{FC678E9B-EDC4-45D5-9147-69279FE78CB5}.Debug|Any CPU.ActiveCfg = Debug|Any CPU
		{FC678E9B-EDC4-45D5-9147-69279FE78CB5}.Debug|Any CPU.Build.0 = Debug|Any CPU
		{FC678E9B-EDC4-45D5-9147-69279FE78CB5}.Debug|x64.ActiveCfg = Debug|Any CPU
		{FC678E9B-EDC4-45D5-9147-69279FE78CB5}.Debug|x64.Build.0 = Debug|Any CPU
		{FC678E9B-EDC4-45D5-9147-69279FE78CB5}.Debug|x86.ActiveCfg = Debug|Any CPU
		{FC678E9B-EDC4-45D5-9147-69279FE78CB5}.Debug|x86.Build.0 = Debug|Any CPU
		{FC678E9B-EDC4-45D5-9147-69279FE78CB5}.Release|Any CPU.ActiveCfg = Release|Any CPU
		{FC678E9B-EDC4-45D5-9147-69279FE78CB5}.Release|Any CPU.Build.0 = Release|Any CPU
		{FC678E9B-EDC4-45D5-9147-69279FE78CB5}.Release|x64.ActiveCfg = Release|Any CPU
		{FC678E9B-EDC4-45D5-9147-69279FE78CB5}.Release|x64.Build.0 = Release|Any CPU
		{FC678E9B-EDC4-45D5-9147-69279FE78CB5}.Release|x86.ActiveCfg = Release|Any CPU
		{FC678E9B-EDC4-45D5-9147-69279FE78CB5}.Release|x86.Build.0 = Release|Any CPU
		{53F41330-CB0A-48D4-B322-59F6A022E2CC}.Debug|Any CPU.ActiveCfg = Debug|Any CPU
		{53F41330-CB0A-48D4-B322-59F6A022E2CC}.Debug|Any CPU.Build.0 = Debug|Any CPU
		{53F41330-CB0A-48D4-B322-59F6A022E2CC}.Debug|x64.ActiveCfg = Debug|Any CPU
		{53F41330-CB0A-48D4-B322-59F6A022E2CC}.Debug|x64.Build.0 = Debug|Any CPU
		{53F41330-CB0A-48D4-B322-59F6A022E2CC}.Debug|x86.ActiveCfg = Debug|Any CPU
		{53F41330-CB0A-48D4-B322-59F6A022E2CC}.Debug|x86.Build.0 = Debug|Any CPU
		{53F41330-CB0A-48D4-B322-59F6A022E2CC}.Release|Any CPU.ActiveCfg = Release|Any CPU
		{53F41330-CB0A-48D4-B322-59F6A022E2CC}.Release|Any CPU.Build.0 = Release|Any CPU
		{53F41330-CB0A-48D4-B322-59F6A022E2CC}.Release|x64.ActiveCfg = Release|Any CPU
		{53F41330-CB0A-48D4-B322-59F6A022E2CC}.Release|x64.Build.0 = Release|Any CPU
		{53F41330-CB0A-48D4-B322-59F6A022E2CC}.Release|x86.ActiveCfg = Release|Any CPU
		{53F41330-CB0A-48D4-B322-59F6A022E2CC}.Release|x86.Build.0 = Release|Any CPU
	EndGlobalSection
	GlobalSection(SolutionProperties) = preSolution
		HideSolutionNode = FALSE
	EndGlobalSection
EndGlobal
